
Microsoft Visual Studio Solution File, Format Version 12.00
# Visual Studio Version 17
VisualStudioVersion = 17.13.35931.197
MinimumVisualStudioVersion = 10.0.40219.1
Project("{FAE04EC0-301F-11D3-BF4B-00C04F79EFBC}") = "Natural", "Natural\Natural.csproj", "{6940FFCD-4443-4CE1-B0E5-C67EA0F41C8A}"
EndProject
Project("{FAE04EC0-301F-11D3-BF4B-00C04F79EFBC}") = "Thunder", "Thunder\Thunder.csproj", "{2A9FE5A3-C05E-4453-8668-BAAE48FA40E6}"
EndProject
Global
	GlobalSection(SolutionConfigurationPlatforms) = preSolution
		Debug|Any CPU = Debug|Any CPU
		Release|Any CPU = Release|Any CPU
	EndGlobalSection
	GlobalSection(ProjectConfigurationPlatforms) = postSolution
		{6940FFCD-4443-4CE1-B0E5-C67EA0F41C8A}.Debug|Any CPU.ActiveCfg = Debug|Any CPU
		{6940FFCD-4443-4CE1-B0E5-C67EA0F41C8A}.Debug|Any CPU.Build.0 = Debug|Any CPU
		{6940FFCD-4443-4CE1-B0E5-C67EA0F41C8A}.Release|Any CPU.ActiveCfg = Release|Any CPU
		{6940FFCD-4443-4CE1-B0E5-C67EA0F41C8A}.Release|Any CPU.Build.0 = Release|Any CPU
		{2A9FE5A3-C05E-4453-8668-BAAE48FA40E6}.Debug|Any CPU.ActiveCfg = Debug|Any CPU
		{2A9FE5A3-C05E-4453-8668-BAAE48FA40E6}.Debug|Any CPU.Build.0 = Debug|Any CPU
		{2A9FE5A3-C05E-4453-8668-BAAE48FA40E6}.Release|Any CPU.ActiveCfg = Release|Any CPU
		{2A9FE5A3-C05E-4453-8668-BAAE48FA40E6}.Release|Any CPU.Build.0 = Release|Any CPU
	EndGlobalSection
	GlobalSection(SolutionProperties) = preSolution
		HideSolutionNode = FALSE
	EndGlobalSection
	GlobalSection(ExtensibilityGlobals) = postSolution
		SolutionGuid = {3BD5DCB7-CE87-44C8-85FC-9B8E7B68B2D1}
	EndGlobalSection
EndGlobal
